
Microsoft Visual Studio Solution File, Format Version 12.00
# Visual Studio Version 17
VisualStudioVersion = 17.6.33829.357
MinimumVisualStudioVersion = 10.0.40219.1
Project("{2150E333-8FDC-42A3-9474-1A3956D46DE8}") = "src", "src", "{09D3D703-C7D8-4D39-8A72-EDB5B4E7C2E9}"
EndProject
Project("{9A19103F-16F7-4668-BE54-9A1E7A4F7556}") = "Jared.Application", "src\Jared.Application\Jared.Application.csproj", "{FCDC5AEB-C692-4CE6-9EF5-FD01E1067D21}"
EndProject
Project("{9A19103F-16F7-4668-BE54-9A1E7A4F7556}") = "Jared.Domain", "src\Jared.Domain\Jared.Domain.csproj", "{E2BA7053-38C7-477F-9F8F-416CD68CFCF7}"
EndProject
Project("{9A19103F-16F7-4668-BE54-9A1E7A4F7556}") = "Jared.Infrastructure", "src\Jared.Infrastructure\Jared.Infrastructure.csproj", "{24E4C3EB-396C-492C-854A-3AA5A4985FBA}"
EndProject
Project("{9A19103F-16F7-4668-BE54-9A1E7A4F7556}") = "Jared.Presentation", "src\Jared.Presentation\Jared.Presentation.csproj", "{899736A0-483A-42BF-869A-C4A8469F190E}"
EndProject
Global
	GlobalSection(SolutionConfigurationPlatforms) = preSolution
		Debug|Any CPU = Debug|Any CPU
		Release|Any CPU = Release|Any CPU
	EndGlobalSection
	GlobalSection(ProjectConfigurationPlatforms) = postSolution
		{FCDC5AEB-C692-4CE6-9EF5-FD01E1067D21}.Debug|Any CPU.ActiveCfg = Debug|Any CPU
		{FCDC5AEB-C692-4CE6-9EF5-FD01E1067D21}.Debug|Any CPU.Build.0 = Debug|Any CPU
		{FCDC5AEB-C692-4CE6-9EF5-FD01E1067D21}.Release|Any CPU.ActiveCfg = Release|Any CPU
		{FCDC5AEB-C692-4CE6-9EF5-FD01E1067D21}.Release|Any CPU.Build.0 = Release|Any CPU
		{E2BA7053-38C7-477F-9F8F-416CD68CFCF7}.Debug|Any CPU.ActiveCfg = Debug|Any CPU
		{E2BA7053-38C7-477F-9F8F-416CD68CFCF7}.Debug|Any CPU.Build.0 = Debug|Any CPU
		{E2BA7053-38C7-477F-9F8F-416CD68CFCF7}.Release|Any CPU.ActiveCfg = Release|Any CPU
		{E2BA7053-38C7-477F-9F8F-416CD68CFCF7}.Release|Any CPU.Build.0 = Release|Any CPU
		{24E4C3EB-396C-492C-854A-3AA5A4985FBA}.Debug|Any CPU.ActiveCfg = Debug|Any CPU
		{24E4C3EB-396C-492C-854A-3AA5A4985FBA}.Debug|Any CPU.Build.0 = Debug|Any CPU
		{24E4C3EB-396C-492C-854A-3AA5A4985FBA}.Release|Any CPU.ActiveCfg = Release|Any CPU
		{24E4C3EB-396C-492C-854A-3AA5A4985FBA}.Release|Any CPU.Build.0 = Release|Any CPU
		{899736A0-483A-42BF-869A-C4A8469F190E}.Debug|Any CPU.ActiveCfg = Debug|Any CPU
		{899736A0-483A-42BF-869A-C4A8469F190E}.Debug|Any CPU.Build.0 = Debug|Any CPU
		{899736A0-483A-42BF-869A-C4A8469F190E}.Release|Any CPU.ActiveCfg = Release|Any CPU
		{899736A0-483A-42BF-869A-C4A8469F190E}.Release|Any CPU.Build.0 = Release|Any CPU
	EndGlobalSection
	GlobalSection(SolutionProperties) = preSolution
		HideSolutionNode = FALSE
	EndGlobalSection
	GlobalSection(NestedProjects) = preSolution
		{FCDC5AEB-C692-4CE6-9EF5-FD01E1067D21} = {09D3D703-C7D8-4D39-8A72-EDB5B4E7C2E9}
		{E2BA7053-38C7-477F-9F8F-416CD68CFCF7} = {09D3D703-C7D8-4D39-8A72-EDB5B4E7C2E9}
		{24E4C3EB-396C-492C-854A-3AA5A4985FBA} = {09D3D703-C7D8-4D39-8A72-EDB5B4E7C2E9}
		{899736A0-483A-42BF-869A-C4A8469F190E} = {09D3D703-C7D8-4D39-8A72-EDB5B4E7C2E9}
	EndGlobalSection
	GlobalSection(ExtensibilityGlobals) = postSolution
		SolutionGuid = {FC5AA28C-D0A6-47D5-BD33-30BFC6E5687C}
	EndGlobalSection
EndGlobal
