
Microsoft Visual Studio Solution File, Format Version 12.00
# Visual Studio Version 17
VisualStudioVersion = 17.6.33829.357
MinimumVisualStudioVersion = 10.0.40219.1
Project("{2150E333-8FDC-42A3-9474-1A3956D46DE8}") = "src", "src", "{09D3D703-C7D8-4D39-8A72-EDB5B4E7C2E9}"
EndProject
Project("{2150E333-8FDC-42A3-9474-1A3956D46DE8}") = "Domain", "Domain", "{8B47EE59-9C39-492E-96CA-D4785FD1B006}"
EndProject
Project("{2150E333-8FDC-42A3-9474-1A3956D46DE8}") = "Application", "Application", "{98C05D85-8926-4D26-A51D-BBC04C92990F}"
EndProject
Project("{2150E333-8FDC-42A3-9474-1A3956D46DE8}") = "Infrastructure", "Infrastructure", "{477ED147-B823-40FA-9C57-7B6856C76641}"
EndProject
Project("{2150E333-8FDC-42A3-9474-1A3956D46DE8}") = "Presentation", "Presentation", "{36C7F1DD-8635-4193-A8BB-01A3BF6D5E1A}"
EndProject
Project("{9A19103F-16F7-4668-BE54-9A1E7A4F7556}") = "Jared.Domain", "src\Domain\Jared.Domain\Jared.Domain.csproj", "{E2BA7053-38C7-477F-9F8F-416CD68CFCF7}"
EndProject
Project("{9A19103F-16F7-4668-BE54-9A1E7A4F7556}") = "Jared.Application", "src\Application\Jared.Application\Jared.Application.csproj", "{FCDC5AEB-C692-4CE6-9EF5-FD01E1067D21}"
EndProject
Project("{9A19103F-16F7-4668-BE54-9A1E7A4F7556}") = "Jared.Infrastructure", "src\Infrastructure\Jared.Infrastructure\Jared.Infrastructure.csproj", "{24E4C3EB-396C-492C-854A-3AA5A4985FBA}"
EndProject
Project("{9A19103F-16F7-4668-BE54-9A1E7A4F7556}") = "Jared.Presentation", "src\Presentation\Jared.Presentation\Jared.Presentation.csproj", "{E8ED7C85-EEAA-4634-801F-D3B339878598}"
EndProject
Project("{9A19103F-16F7-4668-BE54-9A1E7A4F7556}") = "Jared.Api", "src\Jared.Api\Jared.Api.csproj", "{95A75F71-4E03-4C82-B53C-4956F140ABD4}"
EndProject
Project("{9A19103F-16F7-4668-BE54-9A1E7A4F7556}") = "Jared.App", "src\Jared.App\Jared.App.csproj", "{591C6531-508E-4ACB-B640-3DC37DCED115}"
EndProject
Project("{2150E333-8FDC-42A3-9474-1A3956D46DE8}") = "SolutionItems", "SolutionItems", "{3F9CB067-D527-4F2E-BA7A-BE719A5794F7}"
	ProjectSection(SolutionItems) = preProject
		.gitignore = .gitignore
		docker-compose.yml = docker-compose.yml
		Directory.Build.props = Directory.Build.props
		README.md = README.md
		tests.targets = tests.targets
	EndProjectSection
EndProject
Project("{2150E333-8FDC-42A3-9474-1A3956D46DE8}") = "Shared", "Shared", "{28BF256E-E80F-41E7-B00F-1E4886FD6099}"
EndProject
Project("{9A19103F-16F7-4668-BE54-9A1E7A4F7556}") = "Jared.Shared", "src\Shared\Jared.Shared\Jared.Shared.csproj", "{504D7725-A65B-4B11-8B9A-84BC77EBB0A1}"
EndProject
Project("{2150E333-8FDC-42A3-9474-1A3956D46DE8}") = "tests", "tests", "{D1D8F820-D34D-43B3-A2BA-B17680588BD7}"
EndProject
Project("{9A19103F-16F7-4668-BE54-9A1E7A4F7556}") = "Jared.Architecture.Tests", "tests\Jared.Architecture.Tests\Jared.Architecture.Tests.csproj", "{428747FA-2847-4649-B492-5AEF65481C93}"
EndProject
Project("{2150E333-8FDC-42A3-9474-1A3956D46DE8}") = "Shared", "Shared", "{B18974FF-0804-4D1E-BB28-5583173489E5}"
EndProject
Project("{9A19103F-16F7-4668-BE54-9A1E7A4F7556}") = "Jared.Shared.Tests", "tests\Shared\Jared.Shared.Tests\Jared.Shared.Tests.csproj", "{6492DACC-0AF7-46E8-962B-F1247F6EB69D}"
EndProject
Project("{2150E333-8FDC-42A3-9474-1A3956D46DE8}") = "Application", "Application", "{F7BCDE5C-6A12-4A1F-B9B2-86037906BC8D}"
EndProject
Project("{9A19103F-16F7-4668-BE54-9A1E7A4F7556}") = "Jared.Application.Tests", "tests\Application\Jared.Application.Tests\Jared.Application.Tests.csproj", "{7AA588B0-F3EE-495E-91D8-077CBD03C6AF}"
EndProject
Project("{2150E333-8FDC-42A3-9474-1A3956D46DE8}") = "Infrastructure", "Infrastructure", "{C861F17F-8EC1-404F-A6EE-6AB5C421DC72}"
EndProject
Project("{9A19103F-16F7-4668-BE54-9A1E7A4F7556}") = "Jared.Infrastructure.Tests", "tests\Infrastructure\Jared.Infrastructure.Tests\Jared.Infrastructure.Tests.csproj", "{C060592D-0012-49AD-9501-83680336A398}"
EndProject
Project("{2150E333-8FDC-42A3-9474-1A3956D46DE8}") = "Presentation", "Presentation", "{1DBE5AC4-4815-41F6-9D48-DC83726B8586}"
EndProject
Project("{9A19103F-16F7-4668-BE54-9A1E7A4F7556}") = "Jared.Presentation.Tests", "tests\Presentation\Jared.Presentation.Tests\Jared.Presentation.Tests.csproj", "{088E8040-44D9-4F29-B449-FB5B159B59E4}"
EndProject
Project("{2150E333-8FDC-42A3-9474-1A3956D46DE8}") = "tests-integration", "tests-integration", "{66C72575-A597-4DB9-89D3-1F39697B1313}"
EndProject
Project("{9A19103F-16F7-4668-BE54-9A1E7A4F7556}") = "Jared.Api.Integration.Tests", "tests-integration\Jared.Api.Integration.Tests\Jared.Api.Integration.Tests.csproj", "{23C564AB-DAC0-4641-AD1A-D9B2B08EF3F6}"
EndProject
Global
	GlobalSection(SolutionConfigurationPlatforms) = preSolution
		Debug|Any CPU = Debug|Any CPU
		Release|Any CPU = Release|Any CPU
	EndGlobalSection
	GlobalSection(ProjectConfigurationPlatforms) = postSolution
		{E2BA7053-38C7-477F-9F8F-416CD68CFCF7}.Debug|Any CPU.ActiveCfg = Debug|Any CPU
		{E2BA7053-38C7-477F-9F8F-416CD68CFCF7}.Debug|Any CPU.Build.0 = Debug|Any CPU
		{E2BA7053-38C7-477F-9F8F-416CD68CFCF7}.Release|Any CPU.ActiveCfg = Release|Any CPU
		{E2BA7053-38C7-477F-9F8F-416CD68CFCF7}.Release|Any CPU.Build.0 = Release|Any CPU
		{FCDC5AEB-C692-4CE6-9EF5-FD01E1067D21}.Debug|Any CPU.ActiveCfg = Debug|Any CPU
		{FCDC5AEB-C692-4CE6-9EF5-FD01E1067D21}.Debug|Any CPU.Build.0 = Debug|Any CPU
		{FCDC5AEB-C692-4CE6-9EF5-FD01E1067D21}.Release|Any CPU.ActiveCfg = Release|Any CPU
		{FCDC5AEB-C692-4CE6-9EF5-FD01E1067D21}.Release|Any CPU.Build.0 = Release|Any CPU
		{24E4C3EB-396C-492C-854A-3AA5A4985FBA}.Debug|Any CPU.ActiveCfg = Debug|Any CPU
		{24E4C3EB-396C-492C-854A-3AA5A4985FBA}.Debug|Any CPU.Build.0 = Debug|Any CPU
		{24E4C3EB-396C-492C-854A-3AA5A4985FBA}.Release|Any CPU.ActiveCfg = Release|Any CPU
		{24E4C3EB-396C-492C-854A-3AA5A4985FBA}.Release|Any CPU.Build.0 = Release|Any CPU
		{E8ED7C85-EEAA-4634-801F-D3B339878598}.Debug|Any CPU.ActiveCfg = Debug|Any CPU
		{E8ED7C85-EEAA-4634-801F-D3B339878598}.Debug|Any CPU.Build.0 = Debug|Any CPU
		{E8ED7C85-EEAA-4634-801F-D3B339878598}.Release|Any CPU.ActiveCfg = Release|Any CPU
		{E8ED7C85-EEAA-4634-801F-D3B339878598}.Release|Any CPU.Build.0 = Release|Any CPU
		{95A75F71-4E03-4C82-B53C-4956F140ABD4}.Debug|Any CPU.ActiveCfg = Debug|Any CPU
		{95A75F71-4E03-4C82-B53C-4956F140ABD4}.Debug|Any CPU.Build.0 = Debug|Any CPU
		{95A75F71-4E03-4C82-B53C-4956F140ABD4}.Release|Any CPU.ActiveCfg = Release|Any CPU
		{95A75F71-4E03-4C82-B53C-4956F140ABD4}.Release|Any CPU.Build.0 = Release|Any CPU
		{591C6531-508E-4ACB-B640-3DC37DCED115}.Debug|Any CPU.ActiveCfg = Debug|Any CPU
		{591C6531-508E-4ACB-B640-3DC37DCED115}.Debug|Any CPU.Build.0 = Debug|Any CPU
		{591C6531-508E-4ACB-B640-3DC37DCED115}.Release|Any CPU.ActiveCfg = Release|Any CPU
		{591C6531-508E-4ACB-B640-3DC37DCED115}.Release|Any CPU.Build.0 = Release|Any CPU
		{504D7725-A65B-4B11-8B9A-84BC77EBB0A1}.Debug|Any CPU.ActiveCfg = Debug|Any CPU
		{504D7725-A65B-4B11-8B9A-84BC77EBB0A1}.Debug|Any CPU.Build.0 = Debug|Any CPU
		{504D7725-A65B-4B11-8B9A-84BC77EBB0A1}.Release|Any CPU.ActiveCfg = Release|Any CPU
		{504D7725-A65B-4B11-8B9A-84BC77EBB0A1}.Release|Any CPU.Build.0 = Release|Any CPU
		{428747FA-2847-4649-B492-5AEF65481C93}.Debug|Any CPU.ActiveCfg = Debug|Any CPU
		{428747FA-2847-4649-B492-5AEF65481C93}.Debug|Any CPU.Build.0 = Debug|Any CPU
		{428747FA-2847-4649-B492-5AEF65481C93}.Release|Any CPU.ActiveCfg = Release|Any CPU
		{428747FA-2847-4649-B492-5AEF65481C93}.Release|Any CPU.Build.0 = Release|Any CPU
		{6492DACC-0AF7-46E8-962B-F1247F6EB69D}.Debug|Any CPU.ActiveCfg = Debug|Any CPU
		{6492DACC-0AF7-46E8-962B-F1247F6EB69D}.Debug|Any CPU.Build.0 = Debug|Any CPU
		{6492DACC-0AF7-46E8-962B-F1247F6EB69D}.Release|Any CPU.ActiveCfg = Release|Any CPU
		{6492DACC-0AF7-46E8-962B-F1247F6EB69D}.Release|Any CPU.Build.0 = Release|Any CPU
		{7AA588B0-F3EE-495E-91D8-077CBD03C6AF}.Debug|Any CPU.ActiveCfg = Debug|Any CPU
		{7AA588B0-F3EE-495E-91D8-077CBD03C6AF}.Debug|Any CPU.Build.0 = Debug|Any CPU
		{7AA588B0-F3EE-495E-91D8-077CBD03C6AF}.Release|Any CPU.ActiveCfg = Release|Any CPU
		{7AA588B0-F3EE-495E-91D8-077CBD03C6AF}.Release|Any CPU.Build.0 = Release|Any CPU
		{C060592D-0012-49AD-9501-83680336A398}.Debug|Any CPU.ActiveCfg = Debug|Any CPU
		{C060592D-0012-49AD-9501-83680336A398}.Debug|Any CPU.Build.0 = Debug|Any CPU
		{C060592D-0012-49AD-9501-83680336A398}.Release|Any CPU.ActiveCfg = Release|Any CPU
		{C060592D-0012-49AD-9501-83680336A398}.Release|Any CPU.Build.0 = Release|Any CPU
		{088E8040-44D9-4F29-B449-FB5B159B59E4}.Debug|Any CPU.ActiveCfg = Debug|Any CPU
		{088E8040-44D9-4F29-B449-FB5B159B59E4}.Debug|Any CPU.Build.0 = Debug|Any CPU
		{088E8040-44D9-4F29-B449-FB5B159B59E4}.Release|Any CPU.ActiveCfg = Release|Any CPU
		{088E8040-44D9-4F29-B449-FB5B159B59E4}.Release|Any CPU.Build.0 = Release|Any CPU
		{23C564AB-DAC0-4641-AD1A-D9B2B08EF3F6}.Debug|Any CPU.ActiveCfg = Debug|Any CPU
		{23C564AB-DAC0-4641-AD1A-D9B2B08EF3F6}.Debug|Any CPU.Build.0 = Debug|Any CPU
		{23C564AB-DAC0-4641-AD1A-D9B2B08EF3F6}.Release|Any CPU.ActiveCfg = Release|Any CPU
		{23C564AB-DAC0-4641-AD1A-D9B2B08EF3F6}.Release|Any CPU.Build.0 = Release|Any CPU
	EndGlobalSection
	GlobalSection(SolutionProperties) = preSolution
		HideSolutionNode = FALSE
	EndGlobalSection
	GlobalSection(NestedProjects) = preSolution
		{8B47EE59-9C39-492E-96CA-D4785FD1B006} = {09D3D703-C7D8-4D39-8A72-EDB5B4E7C2E9}
		{98C05D85-8926-4D26-A51D-BBC04C92990F} = {09D3D703-C7D8-4D39-8A72-EDB5B4E7C2E9}
		{477ED147-B823-40FA-9C57-7B6856C76641} = {09D3D703-C7D8-4D39-8A72-EDB5B4E7C2E9}
		{36C7F1DD-8635-4193-A8BB-01A3BF6D5E1A} = {09D3D703-C7D8-4D39-8A72-EDB5B4E7C2E9}
		{E2BA7053-38C7-477F-9F8F-416CD68CFCF7} = {8B47EE59-9C39-492E-96CA-D4785FD1B006}
		{FCDC5AEB-C692-4CE6-9EF5-FD01E1067D21} = {98C05D85-8926-4D26-A51D-BBC04C92990F}
		{24E4C3EB-396C-492C-854A-3AA5A4985FBA} = {477ED147-B823-40FA-9C57-7B6856C76641}
		{E8ED7C85-EEAA-4634-801F-D3B339878598} = {36C7F1DD-8635-4193-A8BB-01A3BF6D5E1A}
		{95A75F71-4E03-4C82-B53C-4956F140ABD4} = {09D3D703-C7D8-4D39-8A72-EDB5B4E7C2E9}
		{591C6531-508E-4ACB-B640-3DC37DCED115} = {09D3D703-C7D8-4D39-8A72-EDB5B4E7C2E9}
		{28BF256E-E80F-41E7-B00F-1E4886FD6099} = {09D3D703-C7D8-4D39-8A72-EDB5B4E7C2E9}
		{504D7725-A65B-4B11-8B9A-84BC77EBB0A1} = {28BF256E-E80F-41E7-B00F-1E4886FD6099}
		{428747FA-2847-4649-B492-5AEF65481C93} = {D1D8F820-D34D-43B3-A2BA-B17680588BD7}
		{B18974FF-0804-4D1E-BB28-5583173489E5} = {D1D8F820-D34D-43B3-A2BA-B17680588BD7}
		{6492DACC-0AF7-46E8-962B-F1247F6EB69D} = {B18974FF-0804-4D1E-BB28-5583173489E5}
		{F7BCDE5C-6A12-4A1F-B9B2-86037906BC8D} = {D1D8F820-D34D-43B3-A2BA-B17680588BD7}
		{7AA588B0-F3EE-495E-91D8-077CBD03C6AF} = {F7BCDE5C-6A12-4A1F-B9B2-86037906BC8D}
		{C861F17F-8EC1-404F-A6EE-6AB5C421DC72} = {D1D8F820-D34D-43B3-A2BA-B17680588BD7}
		{C060592D-0012-49AD-9501-83680336A398} = {C861F17F-8EC1-404F-A6EE-6AB5C421DC72}
		{1DBE5AC4-4815-41F6-9D48-DC83726B8586} = {D1D8F820-D34D-43B3-A2BA-B17680588BD7}
		{088E8040-44D9-4F29-B449-FB5B159B59E4} = {1DBE5AC4-4815-41F6-9D48-DC83726B8586}
		{23C564AB-DAC0-4641-AD1A-D9B2B08EF3F6} = {66C72575-A597-4DB9-89D3-1F39697B1313}
	EndGlobalSection
	GlobalSection(ExtensibilityGlobals) = postSolution
		SolutionGuid = {FC5AA28C-D0A6-47D5-BD33-30BFC6E5687C}
	EndGlobalSection
EndGlobal
