
Microsoft Visual Studio Solution File, Format Version 12.00
# Visual Studio Version 17
VisualStudioVersion = 17.6.33829.357
MinimumVisualStudioVersion = 10.0.40219.1
Project("{2150E333-8FDC-42A3-9474-1A3956D46DE8}") = "src", "src", "{09D3D703-C7D8-4D39-8A72-EDB5B4E7C2E9}"
EndProject
Project("{9A19103F-16F7-4668-BE54-9A1E7A4F7556}") = "Jared.Api", "src\Jared.Api\Jared.Api.csproj", "{95A75F71-4E03-4C82-B53C-4956F140ABD4}"
EndProject
Project("{9A19103F-16F7-4668-BE54-9A1E7A4F7556}") = "Jared.App", "src\Jared.App\Jared.App.csproj", "{591C6531-508E-4ACB-B640-3DC37DCED115}"
EndProject
Project("{2150E333-8FDC-42A3-9474-1A3956D46DE8}") = "SolutionItems", "SolutionItems", "{3F9CB067-D527-4F2E-BA7A-BE719A5794F7}"
	ProjectSection(SolutionItems) = preProject
		.editorconfig = .editorconfig
		.gitignore = .gitignore
		Directory.Build.props = Directory.Build.props
		docker-compose.yml = docker-compose.yml
		README.md = README.md
		tests.targets = tests.targets
	EndProjectSection
EndProject
Project("{2150E333-8FDC-42A3-9474-1A3956D46DE8}") = "shared", "shared", "{28BF256E-E80F-41E7-B00F-1E4886FD6099}"
EndProject
Project("{9A19103F-16F7-4668-BE54-9A1E7A4F7556}") = "Jared.Shared", "src\shared\Jared.Shared\Jared.Shared.csproj", "{504D7725-A65B-4B11-8B9A-84BC77EBB0A1}"
EndProject
Project("{2150E333-8FDC-42A3-9474-1A3956D46DE8}") = "tests", "tests", "{D1D8F820-D34D-43B3-A2BA-B17680588BD7}"
EndProject
Project("{9A19103F-16F7-4668-BE54-9A1E7A4F7556}") = "Jared.Architecture.Tests", "tests\Jared.Architecture.Tests\Jared.Architecture.Tests.csproj", "{428747FA-2847-4649-B492-5AEF65481C93}"
EndProject
Project("{2150E333-8FDC-42A3-9474-1A3956D46DE8}") = "shared", "shared", "{B18974FF-0804-4D1E-BB28-5583173489E5}"
EndProject
Project("{2150E333-8FDC-42A3-9474-1A3956D46DE8}") = "tests-integration", "tests-integration", "{66C72575-A597-4DB9-89D3-1F39697B1313}"
EndProject
Project("{9A19103F-16F7-4668-BE54-9A1E7A4F7556}") = "Jared.Api.Integration.Tests", "tests-integration\Jared.Api.Integration.Tests\Jared.Api.Integration.Tests.csproj", "{23C564AB-DAC0-4641-AD1A-D9B2B08EF3F6}"
EndProject
Project("{2150E333-8FDC-42A3-9474-1A3956D46DE8}") = "api", "api", "{02EA681E-C7D8-13C7-8484-4AC65E1B71E8}"
EndProject
Project("{FAE04EC0-301F-11D3-BF4B-00C04F79EFBC}") = "Jared.Application", "src\api\Jared.Application\Jared.Application.csproj", "{2A8FEFC0-085F-489D-B008-1DF7362AE8DF}"
EndProject
Project("{FAE04EC0-301F-11D3-BF4B-00C04F79EFBC}") = "Jared.Domain", "src\api\Jared.Domain\Jared.Domain.csproj", "{9CDD2B5A-62D9-4D8E-9BF5-5119D349ED08}"
EndProject
Project("{FAE04EC0-301F-11D3-BF4B-00C04F79EFBC}") = "Jared.Presentation", "src\api\Jared.Presentation\Jared.Presentation.csproj", "{8740F90E-A2D6-44C6-A5A3-21618C507153}"
EndProject
Project("{FAE04EC0-301F-11D3-BF4B-00C04F79EFBC}") = "Jared.Infrastructure", "src\api\Jared.Infrastructure\Jared.Infrastructure.csproj", "{53963AC2-792A-48E4-8A21-9932E06587AB}"
EndProject
Project("{2150E333-8FDC-42A3-9474-1A3956D46DE8}") = "app", "app", "{BFBA52D4-8EB1-4151-94E4-7954D9B6A710}"
EndProject
Project("{FAE04EC0-301F-11D3-BF4B-00C04F79EFBC}") = "Jared.Client", "src\app\Jared.Client\Jared.Client.csproj", "{5471005B-271B-4981-8E14-C0E039F0FB51}"
EndProject
Project("{FAE04EC0-301F-11D3-BF4B-00C04F79EFBC}") = "Jared.UI", "src\app\Jared.UI\Jared.UI.csproj", "{1734F854-93D0-4D99-912F-35DFEB19DE13}"
EndProject
Project("{2150E333-8FDC-42A3-9474-1A3956D46DE8}") = "app", "app", "{3C27C1C6-4CB1-432D-8C3B-B8C133A9C8AB}"
EndProject
Project("{2150E333-8FDC-42A3-9474-1A3956D46DE8}") = "api", "api", "{6BA990D4-995B-44BB-9D37-FCE3D169F768}"
EndProject
Project("{FAE04EC0-301F-11D3-BF4B-00C04F79EFBC}") = "Jared.Application.Tests", "tests\api\Jared.Application.Tests\Jared.Application.Tests.csproj", "{FF513C16-9A60-4444-90C8-C4EBD1871528}"
EndProject
Project("{FAE04EC0-301F-11D3-BF4B-00C04F79EFBC}") = "Jared.Client.Tests", "Jared.Client.Tests\Jared.Client.Tests.csproj", "{BDFB2D40-98A8-4335-9AD7-4A7F29D6EEDB}"
EndProject
Project("{FAE04EC0-301F-11D3-BF4B-00C04F79EFBC}") = "Jared.Dtos", "src\shared\Jared.Dtos\Jared.Dtos.csproj", "{41356DE2-36EA-49A0-98C9-380F5BA3F722}"
EndProject
Project("{FAE04EC0-301F-11D3-BF4B-00C04F79EFBC}") = "Jared.Validators", "src\shared\Jared.Validators\Jared.Validators.csproj", "{D9624535-C197-46FB-BA10-2F078A853110}"
EndProject
Project("{FAE04EC0-301F-11D3-BF4B-00C04F79EFBC}") = "Jared.Validators.Tests", "tests\shared\Jared.Validators.Tests\Jared.Validators.Tests.csproj", "{FD47F248-047C-4EBF-8654-065761AB19B5}"
EndProject
Global
	GlobalSection(SolutionConfigurationPlatforms) = preSolution
		Debug|Any CPU = Debug|Any CPU
		Release|Any CPU = Release|Any CPU
	EndGlobalSection
	GlobalSection(ProjectConfigurationPlatforms) = postSolution
		{95A75F71-4E03-4C82-B53C-4956F140ABD4}.Debug|Any CPU.ActiveCfg = Debug|Any CPU
		{95A75F71-4E03-4C82-B53C-4956F140ABD4}.Debug|Any CPU.Build.0 = Debug|Any CPU
		{95A75F71-4E03-4C82-B53C-4956F140ABD4}.Release|Any CPU.ActiveCfg = Release|Any CPU
		{95A75F71-4E03-4C82-B53C-4956F140ABD4}.Release|Any CPU.Build.0 = Release|Any CPU
		{591C6531-508E-4ACB-B640-3DC37DCED115}.Debug|Any CPU.ActiveCfg = Debug|Any CPU
		{591C6531-508E-4ACB-B640-3DC37DCED115}.Debug|Any CPU.Build.0 = Debug|Any CPU
		{591C6531-508E-4ACB-B640-3DC37DCED115}.Release|Any CPU.ActiveCfg = Release|Any CPU
		{591C6531-508E-4ACB-B640-3DC37DCED115}.Release|Any CPU.Build.0 = Release|Any CPU
		{504D7725-A65B-4B11-8B9A-84BC77EBB0A1}.Debug|Any CPU.ActiveCfg = Debug|Any CPU
		{504D7725-A65B-4B11-8B9A-84BC77EBB0A1}.Debug|Any CPU.Build.0 = Debug|Any CPU
		{504D7725-A65B-4B11-8B9A-84BC77EBB0A1}.Release|Any CPU.ActiveCfg = Release|Any CPU
		{504D7725-A65B-4B11-8B9A-84BC77EBB0A1}.Release|Any CPU.Build.0 = Release|Any CPU
		{428747FA-2847-4649-B492-5AEF65481C93}.Debug|Any CPU.ActiveCfg = Debug|Any CPU
		{428747FA-2847-4649-B492-5AEF65481C93}.Debug|Any CPU.Build.0 = Debug|Any CPU
		{428747FA-2847-4649-B492-5AEF65481C93}.Release|Any CPU.ActiveCfg = Release|Any CPU
		{428747FA-2847-4649-B492-5AEF65481C93}.Release|Any CPU.Build.0 = Release|Any CPU
		{23C564AB-DAC0-4641-AD1A-D9B2B08EF3F6}.Debug|Any CPU.ActiveCfg = Debug|Any CPU
		{23C564AB-DAC0-4641-AD1A-D9B2B08EF3F6}.Debug|Any CPU.Build.0 = Debug|Any CPU
		{23C564AB-DAC0-4641-AD1A-D9B2B08EF3F6}.Release|Any CPU.ActiveCfg = Release|Any CPU
		{23C564AB-DAC0-4641-AD1A-D9B2B08EF3F6}.Release|Any CPU.Build.0 = Release|Any CPU
		{2A8FEFC0-085F-489D-B008-1DF7362AE8DF}.Debug|Any CPU.ActiveCfg = Debug|Any CPU
		{2A8FEFC0-085F-489D-B008-1DF7362AE8DF}.Debug|Any CPU.Build.0 = Debug|Any CPU
		{2A8FEFC0-085F-489D-B008-1DF7362AE8DF}.Release|Any CPU.ActiveCfg = Release|Any CPU
		{2A8FEFC0-085F-489D-B008-1DF7362AE8DF}.Release|Any CPU.Build.0 = Release|Any CPU
		{9CDD2B5A-62D9-4D8E-9BF5-5119D349ED08}.Debug|Any CPU.ActiveCfg = Debug|Any CPU
		{9CDD2B5A-62D9-4D8E-9BF5-5119D349ED08}.Debug|Any CPU.Build.0 = Debug|Any CPU
		{9CDD2B5A-62D9-4D8E-9BF5-5119D349ED08}.Release|Any CPU.ActiveCfg = Release|Any CPU
		{9CDD2B5A-62D9-4D8E-9BF5-5119D349ED08}.Release|Any CPU.Build.0 = Release|Any CPU
		{8740F90E-A2D6-44C6-A5A3-21618C507153}.Debug|Any CPU.ActiveCfg = Debug|Any CPU
		{8740F90E-A2D6-44C6-A5A3-21618C507153}.Debug|Any CPU.Build.0 = Debug|Any CPU
		{8740F90E-A2D6-44C6-A5A3-21618C507153}.Release|Any CPU.ActiveCfg = Release|Any CPU
		{8740F90E-A2D6-44C6-A5A3-21618C507153}.Release|Any CPU.Build.0 = Release|Any CPU
		{53963AC2-792A-48E4-8A21-9932E06587AB}.Debug|Any CPU.ActiveCfg = Debug|Any CPU
		{53963AC2-792A-48E4-8A21-9932E06587AB}.Debug|Any CPU.Build.0 = Debug|Any CPU
		{53963AC2-792A-48E4-8A21-9932E06587AB}.Release|Any CPU.ActiveCfg = Release|Any CPU
		{53963AC2-792A-48E4-8A21-9932E06587AB}.Release|Any CPU.Build.0 = Release|Any CPU
		{5471005B-271B-4981-8E14-C0E039F0FB51}.Debug|Any CPU.ActiveCfg = Debug|Any CPU
		{5471005B-271B-4981-8E14-C0E039F0FB51}.Debug|Any CPU.Build.0 = Debug|Any CPU
		{5471005B-271B-4981-8E14-C0E039F0FB51}.Release|Any CPU.ActiveCfg = Release|Any CPU
		{5471005B-271B-4981-8E14-C0E039F0FB51}.Release|Any CPU.Build.0 = Release|Any CPU
		{1734F854-93D0-4D99-912F-35DFEB19DE13}.Debug|Any CPU.ActiveCfg = Debug|Any CPU
		{1734F854-93D0-4D99-912F-35DFEB19DE13}.Debug|Any CPU.Build.0 = Debug|Any CPU
		{1734F854-93D0-4D99-912F-35DFEB19DE13}.Release|Any CPU.ActiveCfg = Release|Any CPU
		{1734F854-93D0-4D99-912F-35DFEB19DE13}.Release|Any CPU.Build.0 = Release|Any CPU
		{FF513C16-9A60-4444-90C8-C4EBD1871528}.Debug|Any CPU.ActiveCfg = Debug|Any CPU
		{FF513C16-9A60-4444-90C8-C4EBD1871528}.Debug|Any CPU.Build.0 = Debug|Any CPU
		{FF513C16-9A60-4444-90C8-C4EBD1871528}.Release|Any CPU.ActiveCfg = Release|Any CPU
		{FF513C16-9A60-4444-90C8-C4EBD1871528}.Release|Any CPU.Build.0 = Release|Any CPU
		{BDFB2D40-98A8-4335-9AD7-4A7F29D6EEDB}.Debug|Any CPU.ActiveCfg = Debug|Any CPU
		{BDFB2D40-98A8-4335-9AD7-4A7F29D6EEDB}.Debug|Any CPU.Build.0 = Debug|Any CPU
		{BDFB2D40-98A8-4335-9AD7-4A7F29D6EEDB}.Release|Any CPU.ActiveCfg = Release|Any CPU
		{BDFB2D40-98A8-4335-9AD7-4A7F29D6EEDB}.Release|Any CPU.Build.0 = Release|Any CPU
		{41356DE2-36EA-49A0-98C9-380F5BA3F722}.Debug|Any CPU.ActiveCfg = Debug|Any CPU
		{41356DE2-36EA-49A0-98C9-380F5BA3F722}.Debug|Any CPU.Build.0 = Debug|Any CPU
		{41356DE2-36EA-49A0-98C9-380F5BA3F722}.Release|Any CPU.ActiveCfg = Release|Any CPU
		{41356DE2-36EA-49A0-98C9-380F5BA3F722}.Release|Any CPU.Build.0 = Release|Any CPU
		{D9624535-C197-46FB-BA10-2F078A853110}.Debug|Any CPU.ActiveCfg = Debug|Any CPU
		{D9624535-C197-46FB-BA10-2F078A853110}.Debug|Any CPU.Build.0 = Debug|Any CPU
		{D9624535-C197-46FB-BA10-2F078A853110}.Release|Any CPU.ActiveCfg = Release|Any CPU
		{D9624535-C197-46FB-BA10-2F078A853110}.Release|Any CPU.Build.0 = Release|Any CPU
		{FD47F248-047C-4EBF-8654-065761AB19B5}.Debug|Any CPU.ActiveCfg = Debug|Any CPU
		{FD47F248-047C-4EBF-8654-065761AB19B5}.Debug|Any CPU.Build.0 = Debug|Any CPU
		{FD47F248-047C-4EBF-8654-065761AB19B5}.Release|Any CPU.ActiveCfg = Release|Any CPU
		{FD47F248-047C-4EBF-8654-065761AB19B5}.Release|Any CPU.Build.0 = Release|Any CPU
	EndGlobalSection
	GlobalSection(SolutionProperties) = preSolution
		HideSolutionNode = FALSE
	EndGlobalSection
	GlobalSection(NestedProjects) = preSolution
		{95A75F71-4E03-4C82-B53C-4956F140ABD4} = {09D3D703-C7D8-4D39-8A72-EDB5B4E7C2E9}
		{591C6531-508E-4ACB-B640-3DC37DCED115} = {09D3D703-C7D8-4D39-8A72-EDB5B4E7C2E9}
		{28BF256E-E80F-41E7-B00F-1E4886FD6099} = {09D3D703-C7D8-4D39-8A72-EDB5B4E7C2E9}
		{504D7725-A65B-4B11-8B9A-84BC77EBB0A1} = {28BF256E-E80F-41E7-B00F-1E4886FD6099}
		{428747FA-2847-4649-B492-5AEF65481C93} = {D1D8F820-D34D-43B3-A2BA-B17680588BD7}
		{B18974FF-0804-4D1E-BB28-5583173489E5} = {D1D8F820-D34D-43B3-A2BA-B17680588BD7}
		{23C564AB-DAC0-4641-AD1A-D9B2B08EF3F6} = {66C72575-A597-4DB9-89D3-1F39697B1313}
		{02EA681E-C7D8-13C7-8484-4AC65E1B71E8} = {09D3D703-C7D8-4D39-8A72-EDB5B4E7C2E9}
		{2A8FEFC0-085F-489D-B008-1DF7362AE8DF} = {02EA681E-C7D8-13C7-8484-4AC65E1B71E8}
		{9CDD2B5A-62D9-4D8E-9BF5-5119D349ED08} = {02EA681E-C7D8-13C7-8484-4AC65E1B71E8}
		{8740F90E-A2D6-44C6-A5A3-21618C507153} = {02EA681E-C7D8-13C7-8484-4AC65E1B71E8}
		{53963AC2-792A-48E4-8A21-9932E06587AB} = {02EA681E-C7D8-13C7-8484-4AC65E1B71E8}
		{BFBA52D4-8EB1-4151-94E4-7954D9B6A710} = {09D3D703-C7D8-4D39-8A72-EDB5B4E7C2E9}
		{5471005B-271B-4981-8E14-C0E039F0FB51} = {BFBA52D4-8EB1-4151-94E4-7954D9B6A710}
		{1734F854-93D0-4D99-912F-35DFEB19DE13} = {BFBA52D4-8EB1-4151-94E4-7954D9B6A710}
		{3C27C1C6-4CB1-432D-8C3B-B8C133A9C8AB} = {D1D8F820-D34D-43B3-A2BA-B17680588BD7}
		{6BA990D4-995B-44BB-9D37-FCE3D169F768} = {D1D8F820-D34D-43B3-A2BA-B17680588BD7}
		{FF513C16-9A60-4444-90C8-C4EBD1871528} = {6BA990D4-995B-44BB-9D37-FCE3D169F768}
		{BDFB2D40-98A8-4335-9AD7-4A7F29D6EEDB} = {3C27C1C6-4CB1-432D-8C3B-B8C133A9C8AB}
		{41356DE2-36EA-49A0-98C9-380F5BA3F722} = {28BF256E-E80F-41E7-B00F-1E4886FD6099}
		{D9624535-C197-46FB-BA10-2F078A853110} = {28BF256E-E80F-41E7-B00F-1E4886FD6099}
		{FD47F248-047C-4EBF-8654-065761AB19B5} = {B18974FF-0804-4D1E-BB28-5583173489E5}
	EndGlobalSection
	GlobalSection(ExtensibilityGlobals) = postSolution
		SolutionGuid = {FC5AA28C-D0A6-47D5-BD33-30BFC6E5687C}
	EndGlobalSection
EndGlobal
